// !$*UTF8*$!
{
	archiveVersion = 1;
	classes = {
	};
	objectVersion = 51;
	objects = {

/* Begin PBXBuildFile section */
		0664822ABCCE442BD4EF1BE6 /* Pods_TVShowManager.framework in Frameworks */ = {isa = PBXBuildFile; fileRef = 1934DCAE13EFF4BEDE10DDE4 /* Pods_TVShowManager.framework */; };
		4C2600DE5F242B0034A83F7C /* Pods_TVShowManager_TVShowManagerUITests.framework in Frameworks */ = {isa = PBXBuildFile; fileRef = 6D50CCF19C9DCBB2E931E0F3 /* Pods_TVShowManager_TVShowManagerUITests.framework */; };
		6A3CBF9026EFAF6800190094 /* HomeViewController.swift in Sources */ = {isa = PBXBuildFile; fileRef = 6A3CBF8F26EFAF6800190094 /* HomeViewController.swift */; };
		6A3CBF9326EFAFEE00190094 /* Constants.swift in Sources */ = {isa = PBXBuildFile; fileRef = 6A3CBF9226EFAFEE00190094 /* Constants.swift */; };
		6A3CBF9526EFB87A00190094 /* HomeViewRouterImpl.swift in Sources */ = {isa = PBXBuildFile; fileRef = 6A3CBF9426EFB87A00190094 /* HomeViewRouterImpl.swift */; };
		6A3CBF9B26EFB95400190094 /* AddTVShowController.swift in Sources */ = {isa = PBXBuildFile; fileRef = 6A3CBF9A26EFB95400190094 /* AddTVShowController.swift */; };
		6A3CBF9E26EFB97500190094 /* ShowTVShowListController.swift in Sources */ = {isa = PBXBuildFile; fileRef = 6A3CBF9D26EFB97500190094 /* ShowTVShowListController.swift */; };
		6A3CBFA126EFBA6500190094 /* AddTVShowView.swift in Sources */ = {isa = PBXBuildFile; fileRef = 6A3CBFA026EFBA6500190094 /* AddTVShowView.swift */; };
		6A3CBFA426EFCE7E00190094 /* TVShowView.swift in Sources */ = {isa = PBXBuildFile; fileRef = 6A3CBFA326EFCE7E00190094 /* TVShowView.swift */; };
		6A3CBFA726EFDB9100190094 /* TVShow.swift in Sources */ = {isa = PBXBuildFile; fileRef = 6A3CBFA626EFDB9100190094 /* TVShow.swift */; };
		6A3CBFA926F06D3900190094 /* Utilities.swift in Sources */ = {isa = PBXBuildFile; fileRef = 6A3CBFA826F06D3900190094 /* Utilities.swift */; };
		6A49F81626EFAAE900D4B231 /* AppDelegate.swift in Sources */ = {isa = PBXBuildFile; fileRef = 6A49F81526EFAAE900D4B231 /* AppDelegate.swift */; };
		6A49F81826EFAAE900D4B231 /* SceneDelegate.swift in Sources */ = {isa = PBXBuildFile; fileRef = 6A49F81726EFAAE900D4B231 /* SceneDelegate.swift */; };
		6A49F81F26EFAAEA00D4B231 /* Assets.xcassets in Resources */ = {isa = PBXBuildFile; fileRef = 6A49F81E26EFAAEA00D4B231 /* Assets.xcassets */; };
		6A49F82D26EFAAEA00D4B231 /* TVShowManagerTests.swift in Sources */ = {isa = PBXBuildFile; fileRef = 6A49F82C26EFAAEA00D4B231 /* TVShowManagerTests.swift */; };
		6A49F83826EFAAEA00D4B231 /* TVShowManagerUITests.swift in Sources */ = {isa = PBXBuildFile; fileRef = 6A49F83726EFAAEA00D4B231 /* TVShowManagerUITests.swift */; };
		6F55E09DEB2F7CF90FD891EF /* Pods_TVShowManagerTests.framework in Frameworks */ = {isa = PBXBuildFile; fileRef = CE7E4D494A2A256F34FB8C61 /* Pods_TVShowManagerTests.framework */; };
/* End PBXBuildFile section */

/* Begin PBXContainerItemProxy section */
		6A49F82926EFAAEA00D4B231 /* PBXContainerItemProxy */ = {
			isa = PBXContainerItemProxy;
			containerPortal = 6A49F80A26EFAAE900D4B231 /* Project object */;
			proxyType = 1;
			remoteGlobalIDString = 6A49F81126EFAAE900D4B231;
			remoteInfo = TVShowManager;
		};
		6A49F83426EFAAEA00D4B231 /* PBXContainerItemProxy */ = {
			isa = PBXContainerItemProxy;
			containerPortal = 6A49F80A26EFAAE900D4B231 /* Project object */;
			proxyType = 1;
			remoteGlobalIDString = 6A49F81126EFAAE900D4B231;
			remoteInfo = TVShowManager;
		};
/* End PBXContainerItemProxy section */

/* Begin PBXFileReference section */
		1934DCAE13EFF4BEDE10DDE4 /* Pods_TVShowManager.framework */ = {isa = PBXFileReference; explicitFileType = wrapper.framework; includeInIndex = 0; path = Pods_TVShowManager.framework; sourceTree = BUILT_PRODUCTS_DIR; };
		545D781986A92C900E6F3D97 /* Pods-TVShowManager.release.xcconfig */ = {isa = PBXFileReference; includeInIndex = 1; lastKnownFileType = text.xcconfig; name = "Pods-TVShowManager.release.xcconfig"; path = "Target Support Files/Pods-TVShowManager/Pods-TVShowManager.release.xcconfig"; sourceTree = "<group>"; };
		6A3CBF8F26EFAF6800190094 /* HomeViewController.swift */ = {isa = PBXFileReference; lastKnownFileType = sourcecode.swift; path = HomeViewController.swift; sourceTree = "<group>"; };
		6A3CBF9226EFAFEE00190094 /* Constants.swift */ = {isa = PBXFileReference; lastKnownFileType = sourcecode.swift; path = Constants.swift; sourceTree = "<group>"; };
		6A3CBF9426EFB87A00190094 /* HomeViewRouterImpl.swift */ = {isa = PBXFileReference; lastKnownFileType = sourcecode.swift; path = HomeViewRouterImpl.swift; sourceTree = "<group>"; };
		6A3CBF9A26EFB95400190094 /* AddTVShowController.swift */ = {isa = PBXFileReference; lastKnownFileType = sourcecode.swift; path = AddTVShowController.swift; sourceTree = "<group>"; };
		6A3CBF9D26EFB97500190094 /* ShowTVShowListController.swift */ = {isa = PBXFileReference; lastKnownFileType = sourcecode.swift; path = ShowTVShowListController.swift; sourceTree = "<group>"; };
		6A3CBFA026EFBA6500190094 /* AddTVShowView.swift */ = {isa = PBXFileReference; lastKnownFileType = sourcecode.swift; path = AddTVShowView.swift; sourceTree = "<group>"; };
		6A3CBFA326EFCE7E00190094 /* TVShowView.swift */ = {isa = PBXFileReference; lastKnownFileType = sourcecode.swift; path = TVShowView.swift; sourceTree = "<group>"; };
		6A3CBFA626EFDB9100190094 /* TVShow.swift */ = {isa = PBXFileReference; lastKnownFileType = sourcecode.swift; path = TVShow.swift; sourceTree = "<group>"; };
		6A3CBFA826F06D3900190094 /* Utilities.swift */ = {isa = PBXFileReference; lastKnownFileType = sourcecode.swift; path = Utilities.swift; sourceTree = "<group>"; };
		6A49F81226EFAAE900D4B231 /* TVShowManager.app */ = {isa = PBXFileReference; explicitFileType = wrapper.application; includeInIndex = 0; path = TVShowManager.app; sourceTree = BUILT_PRODUCTS_DIR; };
		6A49F81526EFAAE900D4B231 /* AppDelegate.swift */ = {isa = PBXFileReference; lastKnownFileType = sourcecode.swift; path = AppDelegate.swift; sourceTree = "<group>"; };
		6A49F81726EFAAE900D4B231 /* SceneDelegate.swift */ = {isa = PBXFileReference; lastKnownFileType = sourcecode.swift; path = SceneDelegate.swift; sourceTree = "<group>"; };
		6A49F81E26EFAAEA00D4B231 /* Assets.xcassets */ = {isa = PBXFileReference; lastKnownFileType = folder.assetcatalog; path = Assets.xcassets; sourceTree = "<group>"; };
		6A49F82326EFAAEA00D4B231 /* Info.plist */ = {isa = PBXFileReference; lastKnownFileType = text.plist.xml; path = Info.plist; sourceTree = "<group>"; };
		6A49F82826EFAAEA00D4B231 /* TVShowManagerTests.xctest */ = {isa = PBXFileReference; explicitFileType = wrapper.cfbundle; includeInIndex = 0; path = TVShowManagerTests.xctest; sourceTree = BUILT_PRODUCTS_DIR; };
		6A49F82C26EFAAEA00D4B231 /* TVShowManagerTests.swift */ = {isa = PBXFileReference; lastKnownFileType = sourcecode.swift; path = TVShowManagerTests.swift; sourceTree = "<group>"; };
		6A49F82E26EFAAEA00D4B231 /* Info.plist */ = {isa = PBXFileReference; lastKnownFileType = text.plist.xml; path = Info.plist; sourceTree = "<group>"; };
		6A49F83326EFAAEA00D4B231 /* TVShowManagerUITests.xctest */ = {isa = PBXFileReference; explicitFileType = wrapper.cfbundle; includeInIndex = 0; path = TVShowManagerUITests.xctest; sourceTree = BUILT_PRODUCTS_DIR; };
		6A49F83726EFAAEA00D4B231 /* TVShowManagerUITests.swift */ = {isa = PBXFileReference; lastKnownFileType = sourcecode.swift; path = TVShowManagerUITests.swift; sourceTree = "<group>"; };
		6A49F83926EFAAEA00D4B231 /* Info.plist */ = {isa = PBXFileReference; lastKnownFileType = text.plist.xml; path = Info.plist; sourceTree = "<group>"; };
		6D50CCF19C9DCBB2E931E0F3 /* Pods_TVShowManager_TVShowManagerUITests.framework */ = {isa = PBXFileReference; explicitFileType = wrapper.framework; includeInIndex = 0; path = Pods_TVShowManager_TVShowManagerUITests.framework; sourceTree = BUILT_PRODUCTS_DIR; };
		7E4B2D5CEF24DBD62F64048E /* Pods-TVShowManager-TVShowManagerUITests.release.xcconfig */ = {isa = PBXFileReference; includeInIndex = 1; lastKnownFileType = text.xcconfig; name = "Pods-TVShowManager-TVShowManagerUITests.release.xcconfig"; path = "Target Support Files/Pods-TVShowManager-TVShowManagerUITests/Pods-TVShowManager-TVShowManagerUITests.release.xcconfig"; sourceTree = "<group>"; };
		9B1AAEAD8179A57BAA288978 /* Pods-TVShowManagerTests.debug.xcconfig */ = {isa = PBXFileReference; includeInIndex = 1; lastKnownFileType = text.xcconfig; name = "Pods-TVShowManagerTests.debug.xcconfig"; path = "Target Support Files/Pods-TVShowManagerTests/Pods-TVShowManagerTests.debug.xcconfig"; sourceTree = "<group>"; };
		B37A32EA5B262C4663AEEDA6 /* Pods-TVShowManager.debug.xcconfig */ = {isa = PBXFileReference; includeInIndex = 1; lastKnownFileType = text.xcconfig; name = "Pods-TVShowManager.debug.xcconfig"; path = "Target Support Files/Pods-TVShowManager/Pods-TVShowManager.debug.xcconfig"; sourceTree = "<group>"; };
		CE7E4D494A2A256F34FB8C61 /* Pods_TVShowManagerTests.framework */ = {isa = PBXFileReference; explicitFileType = wrapper.framework; includeInIndex = 0; path = Pods_TVShowManagerTests.framework; sourceTree = BUILT_PRODUCTS_DIR; };
		DB93CB330824B32E40C31069 /* Pods-TVShowManager-TVShowManagerUITests.debug.xcconfig */ = {isa = PBXFileReference; includeInIndex = 1; lastKnownFileType = text.xcconfig; name = "Pods-TVShowManager-TVShowManagerUITests.debug.xcconfig"; path = "Target Support Files/Pods-TVShowManager-TVShowManagerUITests/Pods-TVShowManager-TVShowManagerUITests.debug.xcconfig"; sourceTree = "<group>"; };
		EA659D3D36D272863431246E /* Pods-TVShowManagerTests.release.xcconfig */ = {isa = PBXFileReference; includeInIndex = 1; lastKnownFileType = text.xcconfig; name = "Pods-TVShowManagerTests.release.xcconfig"; path = "Target Support Files/Pods-TVShowManagerTests/Pods-TVShowManagerTests.release.xcconfig"; sourceTree = "<group>"; };
/* End PBXFileReference section */

/* Begin PBXFrameworksBuildPhase section */
		6A49F80F26EFAAE900D4B231 /* Frameworks */ = {
			isa = PBXFrameworksBuildPhase;
			buildActionMask = 2147483647;
			files = (
				0664822ABCCE442BD4EF1BE6 /* Pods_TVShowManager.framework in Frameworks */,
			);
			runOnlyForDeploymentPostprocessing = 0;
		};
		6A49F82526EFAAEA00D4B231 /* Frameworks */ = {
			isa = PBXFrameworksBuildPhase;
			buildActionMask = 2147483647;
			files = (
				6F55E09DEB2F7CF90FD891EF /* Pods_TVShowManagerTests.framework in Frameworks */,
			);
			runOnlyForDeploymentPostprocessing = 0;
		};
		6A49F83026EFAAEA00D4B231 /* Frameworks */ = {
			isa = PBXFrameworksBuildPhase;
			buildActionMask = 2147483647;
			files = (
				4C2600DE5F242B0034A83F7C /* Pods_TVShowManager_TVShowManagerUITests.framework in Frameworks */,
			);
			runOnlyForDeploymentPostprocessing = 0;
		};
/* End PBXFrameworksBuildPhase section */

/* Begin PBXGroup section */
		6A3CBF8B26EFADBC00190094 /* Sources */ = {
			isa = PBXGroup;
			children = (
				6A3CBF9926EFB94600190094 /* AddTVShowController */,
				6A3CBF8E26EFAF5500190094 /* HomeViewController */,
				6A3CBF9C26EFB95900190094 /* ShowTVShowListController */,
			);
			path = Sources;
			sourceTree = "<group>";
		};
		6A3CBF8E26EFAF5500190094 /* HomeViewController */ = {
			isa = PBXGroup;
			children = (
				6A3CBF8F26EFAF6800190094 /* HomeViewController.swift */,
				6A3CBF9426EFB87A00190094 /* HomeViewRouterImpl.swift */,
			);
			path = HomeViewController;
			sourceTree = "<group>";
		};
		6A3CBF9126EFAFDF00190094 /* UTILS */ = {
			isa = PBXGroup;
			children = (
				6A3CBF9226EFAFEE00190094 /* Constants.swift */,
				6A3CBFA826F06D3900190094 /* Utilities.swift */,
			);
			path = UTILS;
			sourceTree = "<group>";
		};
		6A3CBF9926EFB94600190094 /* AddTVShowController */ = {
			isa = PBXGroup;
			children = (
				6A3CBF9F26EFBA4400190094 /* Views */,
				6A3CBF9A26EFB95400190094 /* AddTVShowController.swift */,
			);
			path = AddTVShowController;
			sourceTree = "<group>";
		};
		6A3CBF9C26EFB95900190094 /* ShowTVShowListController */ = {
			isa = PBXGroup;
			children = (
				6A3CBFA226EFCE4D00190094 /* Views&Component */,
				6A3CBF9D26EFB97500190094 /* ShowTVShowListController.swift */,
			);
			path = ShowTVShowListController;
			sourceTree = "<group>";
		};
		6A3CBF9F26EFBA4400190094 /* Views */ = {
			isa = PBXGroup;
			children = (
				6A3CBFA026EFBA6500190094 /* AddTVShowView.swift */,
			);
			path = Views;
			sourceTree = "<group>";
		};
		6A3CBFA226EFCE4D00190094 /* Views&Component */ = {
			isa = PBXGroup;
			children = (
				6A3CBFA326EFCE7E00190094 /* TVShowView.swift */,
			);
			path = "Views&Component";
			sourceTree = "<group>";
		};
		6A3CBFA526EFDB7E00190094 /* Model */ = {
			isa = PBXGroup;
			children = (
				6A3CBFA626EFDB9100190094 /* TVShow.swift */,
			);
			path = Model;
			sourceTree = "<group>";
		};
		6A49F80926EFAAE900D4B231 = {
			isa = PBXGroup;
			children = (
				6A49F81426EFAAE900D4B231 /* TVShowManager */,
				6A49F82B26EFAAEA00D4B231 /* TVShowManagerTests */,
				6A49F83626EFAAEA00D4B231 /* TVShowManagerUITests */,
				6A49F81326EFAAE900D4B231 /* Products */,
				85B1AC90CCEBE6358B6375F3 /* Pods */,
				B35C088BD1A103C2E5A09842 /* Frameworks */,
			);
			sourceTree = "<group>";
		};
		6A49F81326EFAAE900D4B231 /* Products */ = {
			isa = PBXGroup;
			children = (
				6A49F81226EFAAE900D4B231 /* TVShowManager.app */,
				6A49F82826EFAAEA00D4B231 /* TVShowManagerTests.xctest */,
				6A49F83326EFAAEA00D4B231 /* TVShowManagerUITests.xctest */,
			);
			name = Products;
			sourceTree = "<group>";
		};
		6A49F81426EFAAE900D4B231 /* TVShowManager */ = {
			isa = PBXGroup;
			children = (
				6A49F82326EFAAEA00D4B231 /* Info.plist */,
				6A49F81526EFAAE900D4B231 /* AppDelegate.swift */,
				6A49F81726EFAAE900D4B231 /* SceneDelegate.swift */,
				6A49F81E26EFAAEA00D4B231 /* Assets.xcassets */,
				6A3CBFA526EFDB7E00190094 /* Model */,
				6A3CBF8B26EFADBC00190094 /* Sources */,
				6A3CBF9126EFAFDF00190094 /* UTILS */,
			);
			path = TVShowManager;
			sourceTree = "<group>";
		};
		6A49F82B26EFAAEA00D4B231 /* TVShowManagerTests */ = {
			isa = PBXGroup;
			children = (
				6A49F82C26EFAAEA00D4B231 /* TVShowManagerTests.swift */,
				6A49F82E26EFAAEA00D4B231 /* Info.plist */,
			);
			path = TVShowManagerTests;
			sourceTree = "<group>";
		};
		6A49F83626EFAAEA00D4B231 /* TVShowManagerUITests */ = {
			isa = PBXGroup;
			children = (
				6A49F83726EFAAEA00D4B231 /* TVShowManagerUITests.swift */,
				6A49F83926EFAAEA00D4B231 /* Info.plist */,
			);
			path = TVShowManagerUITests;
			sourceTree = "<group>";
		};
		85B1AC90CCEBE6358B6375F3 /* Pods */ = {
			isa = PBXGroup;
			children = (
				B37A32EA5B262C4663AEEDA6 /* Pods-TVShowManager.debug.xcconfig */,
				545D781986A92C900E6F3D97 /* Pods-TVShowManager.release.xcconfig */,
				DB93CB330824B32E40C31069 /* Pods-TVShowManager-TVShowManagerUITests.debug.xcconfig */,
				7E4B2D5CEF24DBD62F64048E /* Pods-TVShowManager-TVShowManagerUITests.release.xcconfig */,
				9B1AAEAD8179A57BAA288978 /* Pods-TVShowManagerTests.debug.xcconfig */,
				EA659D3D36D272863431246E /* Pods-TVShowManagerTests.release.xcconfig */,
			);
			path = Pods;
			sourceTree = "<group>";
		};
		B35C088BD1A103C2E5A09842 /* Frameworks */ = {
			isa = PBXGroup;
			children = (
				1934DCAE13EFF4BEDE10DDE4 /* Pods_TVShowManager.framework */,
				6D50CCF19C9DCBB2E931E0F3 /* Pods_TVShowManager_TVShowManagerUITests.framework */,
				CE7E4D494A2A256F34FB8C61 /* Pods_TVShowManagerTests.framework */,
			);
			name = Frameworks;
			sourceTree = "<group>";
		};
/* End PBXGroup section */

/* Begin PBXNativeTarget section */
		6A49F81126EFAAE900D4B231 /* TVShowManager */ = {
			isa = PBXNativeTarget;
			buildConfigurationList = 6A49F83C26EFAAEA00D4B231 /* Build configuration list for PBXNativeTarget "TVShowManager" */;
			buildPhases = (
				E596EC77C3FD6B903E1E7BB5 /* [CP] Check Pods Manifest.lock */,
				6A49F80E26EFAAE900D4B231 /* Sources */,
				6A49F80F26EFAAE900D4B231 /* Frameworks */,
				6A49F81026EFAAE900D4B231 /* Resources */,
				EE15A7F2AE2D0B94CD4C9D91 /* [CP] Embed Pods Frameworks */,
			);
			buildRules = (
			);
			dependencies = (
			);
			name = TVShowManager;
			productName = TVShowManager;
			productReference = 6A49F81226EFAAE900D4B231 /* TVShowManager.app */;
			productType = "com.apple.product-type.application";
		};
		6A49F82726EFAAEA00D4B231 /* TVShowManagerTests */ = {
			isa = PBXNativeTarget;
			buildConfigurationList = 6A49F83F26EFAAEA00D4B231 /* Build configuration list for PBXNativeTarget "TVShowManagerTests" */;
			buildPhases = (
				C1C8BF08EF4E8B18E983D3C8 /* [CP] Check Pods Manifest.lock */,
				6A49F82426EFAAEA00D4B231 /* Sources */,
				6A49F82526EFAAEA00D4B231 /* Frameworks */,
				6A49F82626EFAAEA00D4B231 /* Resources */,
			);
			buildRules = (
			);
			dependencies = (
				6A49F82A26EFAAEA00D4B231 /* PBXTargetDependency */,
			);
			name = TVShowManagerTests;
			productName = TVShowManagerTests;
			productReference = 6A49F82826EFAAEA00D4B231 /* TVShowManagerTests.xctest */;
			productType = "com.apple.product-type.bundle.unit-test";
		};
		6A49F83226EFAAEA00D4B231 /* TVShowManagerUITests */ = {
			isa = PBXNativeTarget;
			buildConfigurationList = 6A49F84226EFAAEA00D4B231 /* Build configuration list for PBXNativeTarget "TVShowManagerUITests" */;
			buildPhases = (
				6483DD2677DDE2FAAE0BC27C /* [CP] Check Pods Manifest.lock */,
				6A49F82F26EFAAEA00D4B231 /* Sources */,
				6A49F83026EFAAEA00D4B231 /* Frameworks */,
				6A49F83126EFAAEA00D4B231 /* Resources */,
				F8FD3EC0105E746353B30600 /* [CP] Embed Pods Frameworks */,
			);
			buildRules = (
			);
			dependencies = (
				6A49F83526EFAAEA00D4B231 /* PBXTargetDependency */,
			);
			name = TVShowManagerUITests;
			productName = TVShowManagerUITests;
			productReference = 6A49F83326EFAAEA00D4B231 /* TVShowManagerUITests.xctest */;
			productType = "com.apple.product-type.bundle.ui-testing";
		};
/* End PBXNativeTarget section */

/* Begin PBXProject section */
		6A49F80A26EFAAE900D4B231 /* Project object */ = {
			isa = PBXProject;
			attributes = {
				LastSwiftUpdateCheck = 1250;
				LastUpgradeCheck = 1250;
				TargetAttributes = {
					6A49F81126EFAAE900D4B231 = {
						CreatedOnToolsVersion = 12.5.1;
					};
					6A49F82726EFAAEA00D4B231 = {
						CreatedOnToolsVersion = 12.5.1;
						TestTargetID = 6A49F81126EFAAE900D4B231;
					};
					6A49F83226EFAAEA00D4B231 = {
						CreatedOnToolsVersion = 12.5.1;
						TestTargetID = 6A49F81126EFAAE900D4B231;
					};
				};
			};
			buildConfigurationList = 6A49F80D26EFAAE900D4B231 /* Build configuration list for PBXProject "TVShowManager" */;
			compatibilityVersion = "Xcode 9.3";
			developmentRegion = en;
			hasScannedForEncodings = 0;
			knownRegions = (
				en,
				Base,
			);
			mainGroup = 6A49F80926EFAAE900D4B231;
			productRefGroup = 6A49F81326EFAAE900D4B231 /* Products */;
			projectDirPath = "";
			projectRoot = "";
			targets = (
				6A49F81126EFAAE900D4B231 /* TVShowManager */,
				6A49F82726EFAAEA00D4B231 /* TVShowManagerTests */,
				6A49F83226EFAAEA00D4B231 /* TVShowManagerUITests */,
			);
		};
/* End PBXProject section */

/* Begin PBXResourcesBuildPhase section */
		6A49F81026EFAAE900D4B231 /* Resources */ = {
			isa = PBXResourcesBuildPhase;
			buildActionMask = 2147483647;
			files = (
				6A49F81F26EFAAEA00D4B231 /* Assets.xcassets in Resources */,
			);
			runOnlyForDeploymentPostprocessing = 0;
		};
		6A49F82626EFAAEA00D4B231 /* Resources */ = {
			isa = PBXResourcesBuildPhase;
			buildActionMask = 2147483647;
			files = (
			);
			runOnlyForDeploymentPostprocessing = 0;
		};
		6A49F83126EFAAEA00D4B231 /* Resources */ = {
			isa = PBXResourcesBuildPhase;
			buildActionMask = 2147483647;
			files = (
			);
			runOnlyForDeploymentPostprocessing = 0;
		};
/* End PBXResourcesBuildPhase section */

/* Begin PBXShellScriptBuildPhase section */
		6483DD2677DDE2FAAE0BC27C /* [CP] Check Pods Manifest.lock */ = {
			isa = PBXShellScriptBuildPhase;
			buildActionMask = 2147483647;
			files = (
			);
			inputFileListPaths = (
			);
			inputPaths = (
				"${PODS_PODFILE_DIR_PATH}/Podfile.lock",
				"${PODS_ROOT}/Manifest.lock",
			);
			name = "[CP] Check Pods Manifest.lock";
			outputFileListPaths = (
			);
			outputPaths = (
				"$(DERIVED_FILE_DIR)/Pods-TVShowManager-TVShowManagerUITests-checkManifestLockResult.txt",
			);
			runOnlyForDeploymentPostprocessing = 0;
			shellPath = /bin/sh;
			shellScript = "diff \"${PODS_PODFILE_DIR_PATH}/Podfile.lock\" \"${PODS_ROOT}/Manifest.lock\" > /dev/null\nif [ $? != 0 ] ; then\n    # print error to STDERR\n    echo \"error: The sandbox is not in sync with the Podfile.lock. Run 'pod install' or update your CocoaPods installation.\" >&2\n    exit 1\nfi\n# This output is used by Xcode 'outputs' to avoid re-running this script phase.\necho \"SUCCESS\" > \"${SCRIPT_OUTPUT_FILE_0}\"\n";
			showEnvVarsInLog = 0;
		};
		C1C8BF08EF4E8B18E983D3C8 /* [CP] Check Pods Manifest.lock */ = {
			isa = PBXShellScriptBuildPhase;
			buildActionMask = 2147483647;
			files = (
			);
			inputFileListPaths = (
			);
			inputPaths = (
				"${PODS_PODFILE_DIR_PATH}/Podfile.lock",
				"${PODS_ROOT}/Manifest.lock",
			);
			name = "[CP] Check Pods Manifest.lock";
			outputFileListPaths = (
			);
			outputPaths = (
				"$(DERIVED_FILE_DIR)/Pods-TVShowManagerTests-checkManifestLockResult.txt",
			);
			runOnlyForDeploymentPostprocessing = 0;
			shellPath = /bin/sh;
			shellScript = "diff \"${PODS_PODFILE_DIR_PATH}/Podfile.lock\" \"${PODS_ROOT}/Manifest.lock\" > /dev/null\nif [ $? != 0 ] ; then\n    # print error to STDERR\n    echo \"error: The sandbox is not in sync with the Podfile.lock. Run 'pod install' or update your CocoaPods installation.\" >&2\n    exit 1\nfi\n# This output is used by Xcode 'outputs' to avoid re-running this script phase.\necho \"SUCCESS\" > \"${SCRIPT_OUTPUT_FILE_0}\"\n";
			showEnvVarsInLog = 0;
		};
		E596EC77C3FD6B903E1E7BB5 /* [CP] Check Pods Manifest.lock */ = {
			isa = PBXShellScriptBuildPhase;
			buildActionMask = 2147483647;
			files = (
			);
			inputFileListPaths = (
			);
			inputPaths = (
				"${PODS_PODFILE_DIR_PATH}/Podfile.lock",
				"${PODS_ROOT}/Manifest.lock",
			);
			name = "[CP] Check Pods Manifest.lock";
			outputFileListPaths = (
			);
			outputPaths = (
				"$(DERIVED_FILE_DIR)/Pods-TVShowManager-checkManifestLockResult.txt",
			);
			runOnlyForDeploymentPostprocessing = 0;
			shellPath = /bin/sh;
			shellScript = "diff \"${PODS_PODFILE_DIR_PATH}/Podfile.lock\" \"${PODS_ROOT}/Manifest.lock\" > /dev/null\nif [ $? != 0 ] ; then\n    # print error to STDERR\n    echo \"error: The sandbox is not in sync with the Podfile.lock. Run 'pod install' or update your CocoaPods installation.\" >&2\n    exit 1\nfi\n# This output is used by Xcode 'outputs' to avoid re-running this script phase.\necho \"SUCCESS\" > \"${SCRIPT_OUTPUT_FILE_0}\"\n";
			showEnvVarsInLog = 0;
		};
		EE15A7F2AE2D0B94CD4C9D91 /* [CP] Embed Pods Frameworks */ = {
			isa = PBXShellScriptBuildPhase;
			buildActionMask = 2147483647;
			files = (
			);
			inputFileListPaths = (
				"${PODS_ROOT}/Target Support Files/Pods-TVShowManager/Pods-TVShowManager-frameworks-${CONFIGURATION}-input-files.xcfilelist",
			);
			name = "[CP] Embed Pods Frameworks";
			outputFileListPaths = (
				"${PODS_ROOT}/Target Support Files/Pods-TVShowManager/Pods-TVShowManager-frameworks-${CONFIGURATION}-output-files.xcfilelist",
			);
			runOnlyForDeploymentPostprocessing = 0;
			shellPath = /bin/sh;
			shellScript = "\"${PODS_ROOT}/Target Support Files/Pods-TVShowManager/Pods-TVShowManager-frameworks.sh\"\n";
			showEnvVarsInLog = 0;
		};
		F8FD3EC0105E746353B30600 /* [CP] Embed Pods Frameworks */ = {
			isa = PBXShellScriptBuildPhase;
			buildActionMask = 2147483647;
			files = (
			);
			inputFileListPaths = (
				"${PODS_ROOT}/Target Support Files/Pods-TVShowManager-TVShowManagerUITests/Pods-TVShowManager-TVShowManagerUITests-frameworks-${CONFIGURATION}-input-files.xcfilelist",
			);
			name = "[CP] Embed Pods Frameworks";
			outputFileListPaths = (
				"${PODS_ROOT}/Target Support Files/Pods-TVShowManager-TVShowManagerUITests/Pods-TVShowManager-TVShowManagerUITests-frameworks-${CONFIGURATION}-output-files.xcfilelist",
			);
			runOnlyForDeploymentPostprocessing = 0;
			shellPath = /bin/sh;
			shellScript = "\"${PODS_ROOT}/Target Support Files/Pods-TVShowManager-TVShowManagerUITests/Pods-TVShowManager-TVShowManagerUITests-frameworks.sh\"\n";
			showEnvVarsInLog = 0;
		};
/* End PBXShellScriptBuildPhase section */

/* Begin PBXSourcesBuildPhase section */
		6A49F80E26EFAAE900D4B231 /* Sources */ = {
			isa = PBXSourcesBuildPhase;
			buildActionMask = 2147483647;
			files = (
				6A49F81626EFAAE900D4B231 /* AppDelegate.swift in Sources */,
				6A49F81826EFAAE900D4B231 /* SceneDelegate.swift in Sources */,
				6A3CBFA926F06D3900190094 /* Utilities.swift in Sources */,
				6A3CBF9E26EFB97500190094 /* ShowTVShowListController.swift in Sources */,
				6A3CBF9B26EFB95400190094 /* AddTVShowController.swift in Sources */,
				6A3CBF9026EFAF6800190094 /* HomeViewController.swift in Sources */,
				6A3CBFA126EFBA6500190094 /* AddTVShowView.swift in Sources */,
				6A3CBF9526EFB87A00190094 /* HomeViewRouterImpl.swift in Sources */,
				6A3CBF9326EFAFEE00190094 /* Constants.swift in Sources */,
				6A3CBFA726EFDB9100190094 /* TVShow.swift in Sources */,
				6A3CBFA426EFCE7E00190094 /* TVShowView.swift in Sources */,
			);
			runOnlyForDeploymentPostprocessing = 0;
		};
		6A49F82426EFAAEA00D4B231 /* Sources */ = {
			isa = PBXSourcesBuildPhase;
			buildActionMask = 2147483647;
			files = (
				6A49F82D26EFAAEA00D4B231 /* TVShowManagerTests.swift in Sources */,
			);
			runOnlyForDeploymentPostprocessing = 0;
		};
		6A49F82F26EFAAEA00D4B231 /* Sources */ = {
			isa = PBXSourcesBuildPhase;
			buildActionMask = 2147483647;
			files = (
				6A49F83826EFAAEA00D4B231 /* TVShowManagerUITests.swift in Sources */,
			);
			runOnlyForDeploymentPostprocessing = 0;
		};
/* End PBXSourcesBuildPhase section */

/* Begin PBXTargetDependency section */
		6A49F82A26EFAAEA00D4B231 /* PBXTargetDependency */ = {
			isa = PBXTargetDependency;
			target = 6A49F81126EFAAE900D4B231 /* TVShowManager */;
			targetProxy = 6A49F82926EFAAEA00D4B231 /* PBXContainerItemProxy */;
		};
		6A49F83526EFAAEA00D4B231 /* PBXTargetDependency */ = {
			isa = PBXTargetDependency;
			target = 6A49F81126EFAAE900D4B231 /* TVShowManager */;
			targetProxy = 6A49F83426EFAAEA00D4B231 /* PBXContainerItemProxy */;
		};
/* End PBXTargetDependency section */

/* Begin XCBuildConfiguration section */
		6A49F83A26EFAAEA00D4B231 /* Debug */ = {
			isa = XCBuildConfiguration;
			buildSettings = {
				ALWAYS_SEARCH_USER_PATHS = NO;
				CLANG_ANALYZER_NONNULL = YES;
				CLANG_ANALYZER_NUMBER_OBJECT_CONVERSION = YES_AGGRESSIVE;
				CLANG_CXX_LANGUAGE_STANDARD = "gnu++14";
				CLANG_CXX_LIBRARY = "libc++";
				CLANG_ENABLE_MODULES = YES;
				CLANG_ENABLE_OBJC_ARC = YES;
				CLANG_ENABLE_OBJC_WEAK = YES;
				CLANG_WARN_BLOCK_CAPTURE_AUTORELEASING = YES;
				CLANG_WARN_BOOL_CONVERSION = YES;
				CLANG_WARN_COMMA = YES;
				CLANG_WARN_CONSTANT_CONVERSION = YES;
				CLANG_WARN_DEPRECATED_OBJC_IMPLEMENTATIONS = YES;
				CLANG_WARN_DIRECT_OBJC_ISA_USAGE = YES_ERROR;
				CLANG_WARN_DOCUMENTATION_COMMENTS = YES;
				CLANG_WARN_EMPTY_BODY = YES;
				CLANG_WARN_ENUM_CONVERSION = YES;
				CLANG_WARN_INFINITE_RECURSION = YES;
				CLANG_WARN_INT_CONVERSION = YES;
				CLANG_WARN_NON_LITERAL_NULL_CONVERSION = YES;
				CLANG_WARN_OBJC_IMPLICIT_RETAIN_SELF = YES;
				CLANG_WARN_OBJC_LITERAL_CONVERSION = YES;
				CLANG_WARN_OBJC_ROOT_CLASS = YES_ERROR;
				CLANG_WARN_QUOTED_INCLUDE_IN_FRAMEWORK_HEADER = YES;
				CLANG_WARN_RANGE_LOOP_ANALYSIS = YES;
				CLANG_WARN_STRICT_PROTOTYPES = YES;
				CLANG_WARN_SUSPICIOUS_MOVE = YES;
				CLANG_WARN_UNGUARDED_AVAILABILITY = YES_AGGRESSIVE;
				CLANG_WARN_UNREACHABLE_CODE = YES;
				CLANG_WARN__DUPLICATE_METHOD_MATCH = YES;
				COPY_PHASE_STRIP = NO;
				DEBUG_INFORMATION_FORMAT = dwarf;
				ENABLE_STRICT_OBJC_MSGSEND = YES;
				ENABLE_TESTABILITY = YES;
				GCC_C_LANGUAGE_STANDARD = gnu11;
				GCC_DYNAMIC_NO_PIC = NO;
				GCC_NO_COMMON_BLOCKS = YES;
				GCC_OPTIMIZATION_LEVEL = 0;
				GCC_PREPROCESSOR_DEFINITIONS = (
					"DEBUG=1",
					"$(inherited)",
				);
				GCC_WARN_64_TO_32_BIT_CONVERSION = YES;
				GCC_WARN_ABOUT_RETURN_TYPE = YES_ERROR;
				GCC_WARN_UNDECLARED_SELECTOR = YES;
				GCC_WARN_UNINITIALIZED_AUTOS = YES_AGGRESSIVE;
				GCC_WARN_UNUSED_FUNCTION = YES;
				GCC_WARN_UNUSED_VARIABLE = YES;
				IPHONEOS_DEPLOYMENT_TARGET = 14.5;
				MTL_ENABLE_DEBUG_INFO = INCLUDE_SOURCE;
				MTL_FAST_MATH = YES;
				ONLY_ACTIVE_ARCH = YES;
				SDKROOT = iphoneos;
				SWIFT_ACTIVE_COMPILATION_CONDITIONS = DEBUG;
				SWIFT_OPTIMIZATION_LEVEL = "-Onone";
			};
			name = Debug;
		};
		6A49F83B26EFAAEA00D4B231 /* Release */ = {
			isa = XCBuildConfiguration;
			buildSettings = {
				ALWAYS_SEARCH_USER_PATHS = NO;
				CLANG_ANALYZER_NONNULL = YES;
				CLANG_ANALYZER_NUMBER_OBJECT_CONVERSION = YES_AGGRESSIVE;
				CLANG_CXX_LANGUAGE_STANDARD = "gnu++14";
				CLANG_CXX_LIBRARY = "libc++";
				CLANG_ENABLE_MODULES = YES;
				CLANG_ENABLE_OBJC_ARC = YES;
				CLANG_ENABLE_OBJC_WEAK = YES;
				CLANG_WARN_BLOCK_CAPTURE_AUTORELEASING = YES;
				CLANG_WARN_BOOL_CONVERSION = YES;
				CLANG_WARN_COMMA = YES;
				CLANG_WARN_CONSTANT_CONVERSION = YES;
				CLANG_WARN_DEPRECATED_OBJC_IMPLEMENTATIONS = YES;
				CLANG_WARN_DIRECT_OBJC_ISA_USAGE = YES_ERROR;
				CLANG_WARN_DOCUMENTATION_COMMENTS = YES;
				CLANG_WARN_EMPTY_BODY = YES;
				CLANG_WARN_ENUM_CONVERSION = YES;
				CLANG_WARN_INFINITE_RECURSION = YES;
				CLANG_WARN_INT_CONVERSION = YES;
				CLANG_WARN_NON_LITERAL_NULL_CONVERSION = YES;
				CLANG_WARN_OBJC_IMPLICIT_RETAIN_SELF = YES;
				CLANG_WARN_OBJC_LITERAL_CONVERSION = YES;
				CLANG_WARN_OBJC_ROOT_CLASS = YES_ERROR;
				CLANG_WARN_QUOTED_INCLUDE_IN_FRAMEWORK_HEADER = YES;
				CLANG_WARN_RANGE_LOOP_ANALYSIS = YES;
				CLANG_WARN_STRICT_PROTOTYPES = YES;
				CLANG_WARN_SUSPICIOUS_MOVE = YES;
				CLANG_WARN_UNGUARDED_AVAILABILITY = YES_AGGRESSIVE;
				CLANG_WARN_UNREACHABLE_CODE = YES;
				CLANG_WARN__DUPLICATE_METHOD_MATCH = YES;
				COPY_PHASE_STRIP = NO;
				DEBUG_INFORMATION_FORMAT = "dwarf-with-dsym";
				ENABLE_NS_ASSERTIONS = NO;
				ENABLE_STRICT_OBJC_MSGSEND = YES;
				GCC_C_LANGUAGE_STANDARD = gnu11;
				GCC_NO_COMMON_BLOCKS = YES;
				GCC_WARN_64_TO_32_BIT_CONVERSION = YES;
				GCC_WARN_ABOUT_RETURN_TYPE = YES_ERROR;
				GCC_WARN_UNDECLARED_SELECTOR = YES;
				GCC_WARN_UNINITIALIZED_AUTOS = YES_AGGRESSIVE;
				GCC_WARN_UNUSED_FUNCTION = YES;
				GCC_WARN_UNUSED_VARIABLE = YES;
				IPHONEOS_DEPLOYMENT_TARGET = 14.5;
				MTL_ENABLE_DEBUG_INFO = NO;
				MTL_FAST_MATH = YES;
				SDKROOT = iphoneos;
				SWIFT_COMPILATION_MODE = wholemodule;
				SWIFT_OPTIMIZATION_LEVEL = "-O";
				VALIDATE_PRODUCT = YES;
			};
			name = Release;
		};
		6A49F83D26EFAAEA00D4B231 /* Debug */ = {
			isa = XCBuildConfiguration;
			baseConfigurationReference = B37A32EA5B262C4663AEEDA6 /* Pods-TVShowManager.debug.xcconfig */;
			buildSettings = {
				ASSETCATALOG_COMPILER_APPICON_NAME = AppIcon;
				ASSETCATALOG_COMPILER_GLOBAL_ACCENT_COLOR_NAME = AccentColor;
				CODE_SIGN_STYLE = Automatic;
				DEVELOPMENT_TEAM = V225CX73MD;
				INFOPLIST_FILE = TVShowManager/Info.plist;
				IPHONEOS_DEPLOYMENT_TARGET = 13.0;
				LD_RUNPATH_SEARCH_PATHS = (
					"$(inherited)",
					"@executable_path/Frameworks",
				);
				PRODUCT_BUNDLE_IDENTIFIER = com.sourabh.TVShowManager;
				PRODUCT_NAME = "$(TARGET_NAME)";
				SWIFT_VERSION = 5.0;
				TARGETED_DEVICE_FAMILY = "1,2";
			};
			name = Debug;
		};
		6A49F83E26EFAAEA00D4B231 /* Release */ = {
			isa = XCBuildConfiguration;
			baseConfigurationReference = 545D781986A92C900E6F3D97 /* Pods-TVShowManager.release.xcconfig */;
			buildSettings = {
				ASSETCATALOG_COMPILER_APPICON_NAME = AppIcon;
				ASSETCATALOG_COMPILER_GLOBAL_ACCENT_COLOR_NAME = AccentColor;
				CODE_SIGN_STYLE = Automatic;
				DEVELOPMENT_TEAM = V225CX73MD;
				INFOPLIST_FILE = TVShowManager/Info.plist;
				IPHONEOS_DEPLOYMENT_TARGET = 13.0;
				LD_RUNPATH_SEARCH_PATHS = (
					"$(inherited)",
					"@executable_path/Frameworks",
				);
				PRODUCT_BUNDLE_IDENTIFIER = com.sourabh.TVShowManager;
				PRODUCT_NAME = "$(TARGET_NAME)";
				SWIFT_VERSION = 5.0;
				TARGETED_DEVICE_FAMILY = "1,2";
			};
			name = Release;
		};
		6A49F84026EFAAEA00D4B231 /* Debug */ = {
			isa = XCBuildConfiguration;
			baseConfigurationReference = 9B1AAEAD8179A57BAA288978 /* Pods-TVShowManagerTests.debug.xcconfig */;
			buildSettings = {
				ALWAYS_EMBED_SWIFT_STANDARD_LIBRARIES = YES;
				BUNDLE_LOADER = "$(TEST_HOST)";
				CODE_SIGN_STYLE = Automatic;
				DEVELOPMENT_TEAM = V225CX73MD;
				INFOPLIST_FILE = TVShowManagerTests/Info.plist;
				IPHONEOS_DEPLOYMENT_TARGET = 14.5;
				LD_RUNPATH_SEARCH_PATHS = (
					"$(inherited)",
					"@executable_path/Frameworks",
					"@loader_path/Frameworks",
				);
				PRODUCT_BUNDLE_IDENTIFIER = com.sourabh.TVShowManagerTests;
				PRODUCT_NAME = "$(TARGET_NAME)";
				SWIFT_VERSION = 5.0;
				TARGETED_DEVICE_FAMILY = "1,2";
				TEST_HOST = "$(BUILT_PRODUCTS_DIR)/TVShowManager.app/TVShowManager";
			};
			name = Debug;
		};
		6A49F84126EFAAEA00D4B231 /* Release */ = {
			isa = XCBuildConfiguration;
			baseConfigurationReference = EA659D3D36D272863431246E /* Pods-TVShowManagerTests.release.xcconfig */;
			buildSettings = {
				ALWAYS_EMBED_SWIFT_STANDARD_LIBRARIES = YES;
				BUNDLE_LOADER = "$(TEST_HOST)";
				CODE_SIGN_STYLE = Automatic;
				DEVELOPMENT_TEAM = V225CX73MD;
				INFOPLIST_FILE = TVShowManagerTests/Info.plist;
				IPHONEOS_DEPLOYMENT_TARGET = 14.5;
				LD_RUNPATH_SEARCH_PATHS = (
					"$(inherited)",
					"@executable_path/Frameworks",
					"@loader_path/Frameworks",
				);
				PRODUCT_BUNDLE_IDENTIFIER = com.sourabh.TVShowManagerTests;
				PRODUCT_NAME = "$(TARGET_NAME)";
				SWIFT_VERSION = 5.0;
				TARGETED_DEVICE_FAMILY = "1,2";
				TEST_HOST = "$(BUILT_PRODUCTS_DIR)/TVShowManager.app/TVShowManager";
			};
			name = Release;
		};
		6A49F84326EFAAEA00D4B231 /* Debug */ = {
			isa = XCBuildConfiguration;
			baseConfigurationReference = DB93CB330824B32E40C31069 /* Pods-TVShowManager-TVShowManagerUITests.debug.xcconfig */;
			buildSettings = {
				ALWAYS_EMBED_SWIFT_STANDARD_LIBRARIES = YES;
				CODE_SIGN_STYLE = Automatic;
				DEVELOPMENT_TEAM = V225CX73MD;
				INFOPLIST_FILE = TVShowManagerUITests/Info.plist;
				LD_RUNPATH_SEARCH_PATHS = (
					"$(inherited)",
					"@executable_path/Frameworks",
					"@loader_path/Frameworks",
				);
				PRODUCT_BUNDLE_IDENTIFIER = com.sourabh.TVShowManagerUITests;
				PRODUCT_NAME = "$(TARGET_NAME)";
				SWIFT_VERSION = 5.0;
				TARGETED_DEVICE_FAMILY = "1,2";
				TEST_TARGET_NAME = TVShowManager;
			};
			name = Debug;
		};
		6A49F84426EFAAEA00D4B231 /* Release */ = {
			isa = XCBuildConfiguration;
			baseConfigurationReference = 7E4B2D5CEF24DBD62F64048E /* Pods-TVShowManager-TVShowManagerUITests.release.xcconfig */;
			buildSettings = {
				ALWAYS_EMBED_SWIFT_STANDARD_LIBRARIES = YES;
				CODE_SIGN_STYLE = Automatic;
				DEVELOPMENT_TEAM = V225CX73MD;
				INFOPLIST_FILE = TVShowManagerUITests/Info.plist;
				LD_RUNPATH_SEARCH_PATHS = (
					"$(inherited)",
					"@executable_path/Frameworks",
					"@loader_path/Frameworks",
				);
				PRODUCT_BUNDLE_IDENTIFIER = com.sourabh.TVShowManagerUITests;
				PRODUCT_NAME = "$(TARGET_NAME)";
				SWIFT_VERSION = 5.0;
				TARGETED_DEVICE_FAMILY = "1,2";
				TEST_TARGET_NAME = TVShowManager;
			};
			name = Release;
		};
/* End XCBuildConfiguration section */

/* Begin XCConfigurationList section */
		6A49F80D26EFAAE900D4B231 /* Build configuration list for PBXProject "TVShowManager" */ = {
			isa = XCConfigurationList;
			buildConfigurations = (
				6A49F83A26EFAAEA00D4B231 /* Debug */,
				6A49F83B26EFAAEA00D4B231 /* Release */,
			);
			defaultConfigurationIsVisible = 0;
			defaultConfigurationName = Release;
		};
		6A49F83C26EFAAEA00D4B231 /* Build configuration list for PBXNativeTarget "TVShowManager" */ = {
			isa = XCConfigurationList;
			buildConfigurations = (
				6A49F83D26EFAAEA00D4B231 /* Debug */,
				6A49F83E26EFAAEA00D4B231 /* Release */,
			);
			defaultConfigurationIsVisible = 0;
			defaultConfigurationName = Release;
		};
		6A49F83F26EFAAEA00D4B231 /* Build configuration list for PBXNativeTarget "TVShowManagerTests" */ = {
			isa = XCConfigurationList;
			buildConfigurations = (
				6A49F84026EFAAEA00D4B231 /* Debug */,
				6A49F84126EFAAEA00D4B231 /* Release */,
			);
			defaultConfigurationIsVisible = 0;
			defaultConfigurationName = Release;
		};
		6A49F84226EFAAEA00D4B231 /* Build configuration list for PBXNativeTarget "TVShowManagerUITests" */ = {
			isa = XCConfigurationList;
			buildConfigurations = (
				6A49F84326EFAAEA00D4B231 /* Debug */,
				6A49F84426EFAAEA00D4B231 /* Release */,
			);
			defaultConfigurationIsVisible = 0;
			defaultConfigurationName = Release;
		};
/* End XCConfigurationList section */
	};
	rootObject = 6A49F80A26EFAAE900D4B231 /* Project object */;
}
